// !$*UTF8*$!
{
	archiveVersion = 1;
	classes = {
	};
	objectVersion = 46;
	objects = {

/* Begin PBXBuildFile section */
		825E341DCBE496BD7088EB65 /* libPods.a in Frameworks */ = {isa = PBXBuildFile; fileRef = 699D929685874429465F54DE /* libPods.a */; };
		832E23191ABA161800488AE4 /* PhotoController.swift in Sources */ = {isa = PBXBuildFile; fileRef = 832E23181ABA161800488AE4 /* PhotoController.swift */; };
		832E231B1ABA1FB600488AE4 /* DetailViewController.swift in Sources */ = {isa = PBXBuildFile; fileRef = 832E231A1ABA1FB600488AE4 /* DetailViewController.swift */; };
		832E231D1ABA29C700488AE4 /* PresentDetailTransition.swift in Sources */ = {isa = PBXBuildFile; fileRef = 832E231C1ABA29C700488AE4 /* PresentDetailTransition.swift */; };
		832E231F1ABA2E1E00488AE4 /* DismissDetailTransition.swift in Sources */ = {isa = PBXBuildFile; fileRef = 832E231E1ABA2E1E00488AE4 /* DismissDetailTransition.swift */; };
		83EB6CE61AB8B8F300DB2E98 /* AppDelegate.swift in Sources */ = {isa = PBXBuildFile; fileRef = 83EB6CE51AB8B8F300DB2E98 /* AppDelegate.swift */; };
		83EB6CE81AB8B8F300DB2E98 /* ViewController.swift in Sources */ = {isa = PBXBuildFile; fileRef = 83EB6CE71AB8B8F300DB2E98 /* ViewController.swift */; };
		83EB6CEB1AB8B8F300DB2E98 /* Main.storyboard in Resources */ = {isa = PBXBuildFile; fileRef = 83EB6CE91AB8B8F300DB2E98 /* Main.storyboard */; };
		83EB6CED1AB8B8F300DB2E98 /* Images.xcassets in Resources */ = {isa = PBXBuildFile; fileRef = 83EB6CEC1AB8B8F300DB2E98 /* Images.xcassets */; };
		83EB6CF01AB8B8F300DB2E98 /* LaunchScreen.xib in Resources */ = {isa = PBXBuildFile; fileRef = 83EB6CEE1AB8B8F300DB2E98 /* LaunchScreen.xib */; };
		83EB6CFC1AB8B8F300DB2E98 /* Photo_BombersTests.swift in Sources */ = {isa = PBXBuildFile; fileRef = 83EB6CFB1AB8B8F300DB2E98 /* Photo_BombersTests.swift */; };
		83EB6D061AB8B94C00DB2E98 /* PhotosViewController.swift in Sources */ = {isa = PBXBuildFile; fileRef = 83EB6D051AB8B94C00DB2E98 /* PhotosViewController.swift */; };
		83EB6D081AB8C3E900DB2E98 /* PhotoCell.swift in Sources */ = {isa = PBXBuildFile; fileRef = 83EB6D071AB8C3E900DB2E98 /* PhotoCell.swift */; };
/* End PBXBuildFile section */

/* Begin PBXContainerItemProxy section */
		83EB6CF61AB8B8F300DB2E98 /* PBXContainerItemProxy */ = {
			isa = PBXContainerItemProxy;
			containerPortal = 83EB6CD81AB8B8F300DB2E98 /* Project object */;
			proxyType = 1;
			remoteGlobalIDString = 83EB6CDF1AB8B8F300DB2E98;
			remoteInfo = "Photo Bombers";
		};
/* End PBXContainerItemProxy section */

/* Begin PBXFileReference section */
		3649D16721725F05A046C577 /* Pods.release.xcconfig */ = {isa = PBXFileReference; includeInIndex = 1; lastKnownFileType = text.xcconfig; name = Pods.release.xcconfig; path = "Pods/Target Support Files/Pods/Pods.release.xcconfig"; sourceTree = "<group>"; };
		699D929685874429465F54DE /* libPods.a */ = {isa = PBXFileReference; explicitFileType = archive.ar; includeInIndex = 0; path = libPods.a; sourceTree = BUILT_PRODUCTS_DIR; };
		73E1A700283B2075D788601F /* Pods.debug.xcconfig */ = {isa = PBXFileReference; includeInIndex = 1; lastKnownFileType = text.xcconfig; name = Pods.debug.xcconfig; path = "Pods/Target Support Files/Pods/Pods.debug.xcconfig"; sourceTree = "<group>"; };
		832E23181ABA161800488AE4 /* PhotoController.swift */ = {isa = PBXFileReference; fileEncoding = 4; lastKnownFileType = sourcecode.swift; path = PhotoController.swift; sourceTree = "<group>"; };
		832E231A1ABA1FB600488AE4 /* DetailViewController.swift */ = {isa = PBXFileReference; fileEncoding = 4; lastKnownFileType = sourcecode.swift; path = DetailViewController.swift; sourceTree = "<group>"; };
		832E231C1ABA29C700488AE4 /* PresentDetailTransition.swift */ = {isa = PBXFileReference; fileEncoding = 4; lastKnownFileType = sourcecode.swift; path = PresentDetailTransition.swift; sourceTree = "<group>"; };
		832E231E1ABA2E1E00488AE4 /* DismissDetailTransition.swift */ = {isa = PBXFileReference; fileEncoding = 4; lastKnownFileType = sourcecode.swift; path = DismissDetailTransition.swift; sourceTree = "<group>"; };
		83EB6CE01AB8B8F300DB2E98 /* Photo Bombers.app */ = {isa = PBXFileReference; explicitFileType = wrapper.application; includeInIndex = 0; path = "Photo Bombers.app"; sourceTree = BUILT_PRODUCTS_DIR; };
		83EB6CE41AB8B8F300DB2E98 /* Info.plist */ = {isa = PBXFileReference; lastKnownFileType = text.plist.xml; path = Info.plist; sourceTree = "<group>"; };
		83EB6CE51AB8B8F300DB2E98 /* AppDelegate.swift */ = {isa = PBXFileReference; lastKnownFileType = sourcecode.swift; path = AppDelegate.swift; sourceTree = "<group>"; };
		83EB6CE71AB8B8F300DB2E98 /* ViewController.swift */ = {isa = PBXFileReference; lastKnownFileType = sourcecode.swift; path = ViewController.swift; sourceTree = "<group>"; };
		83EB6CEA1AB8B8F300DB2E98 /* Base */ = {isa = PBXFileReference; lastKnownFileType = file.storyboard; name = Base; path = Base.lproj/Main.storyboard; sourceTree = "<group>"; };
		83EB6CEC1AB8B8F300DB2E98 /* Images.xcassets */ = {isa = PBXFileReference; lastKnownFileType = folder.assetcatalog; path = Images.xcassets; sourceTree = "<group>"; };
		83EB6CEF1AB8B8F300DB2E98 /* Base */ = {isa = PBXFileReference; lastKnownFileType = file.xib; name = Base; path = Base.lproj/LaunchScreen.xib; sourceTree = "<group>"; };
		83EB6CF51AB8B8F300DB2E98 /* Photo BombersTests.xctest */ = {isa = PBXFileReference; explicitFileType = wrapper.cfbundle; includeInIndex = 0; path = "Photo BombersTests.xctest"; sourceTree = BUILT_PRODUCTS_DIR; };
		83EB6CFA1AB8B8F300DB2E98 /* Info.plist */ = {isa = PBXFileReference; lastKnownFileType = text.plist.xml; path = Info.plist; sourceTree = "<group>"; };
		83EB6CFB1AB8B8F300DB2E98 /* Photo_BombersTests.swift */ = {isa = PBXFileReference; lastKnownFileType = sourcecode.swift; path = Photo_BombersTests.swift; sourceTree = "<group>"; };
		83EB6D051AB8B94C00DB2E98 /* PhotosViewController.swift */ = {isa = PBXFileReference; fileEncoding = 4; lastKnownFileType = sourcecode.swift; path = PhotosViewController.swift; sourceTree = "<group>"; };
		83EB6D071AB8C3E900DB2E98 /* PhotoCell.swift */ = {isa = PBXFileReference; fileEncoding = 4; lastKnownFileType = sourcecode.swift; path = PhotoCell.swift; sourceTree = "<group>"; };
		83EB6D091AB908A400DB2E98 /* PhotoBombers-Bridging-Header.h */ = {isa = PBXFileReference; lastKnownFileType = sourcecode.c.h; path = "PhotoBombers-Bridging-Header.h"; sourceTree = "<group>"; };
/* End PBXFileReference section */

/* Begin PBXFrameworksBuildPhase section */
		83EB6CDD1AB8B8F300DB2E98 /* Frameworks */ = {
			isa = PBXFrameworksBuildPhase;
			buildActionMask = 2147483647;
			files = (
				825E341DCBE496BD7088EB65 /* libPods.a in Frameworks */,
			);
			runOnlyForDeploymentPostprocessing = 0;
		};
		83EB6CF21AB8B8F300DB2E98 /* Frameworks */ = {
			isa = PBXFrameworksBuildPhase;
			buildActionMask = 2147483647;
			files = (
			);
			runOnlyForDeploymentPostprocessing = 0;
		};
/* End PBXFrameworksBuildPhase section */

/* Begin PBXGroup section */
		6DC14DE9DB0AE4859ABF4376 /* Frameworks */ = {
			isa = PBXGroup;
			children = (
				699D929685874429465F54DE /* libPods.a */,
			);
			name = Frameworks;
			sourceTree = "<group>";
		};
		83EB6CD71AB8B8F300DB2E98 = {
			isa = PBXGroup;
			children = (
				83EB6CE21AB8B8F300DB2E98 /* Photo Bombers */,
				83EB6CF81AB8B8F300DB2E98 /* Photo BombersTests */,
				83EB6CE11AB8B8F300DB2E98 /* Products */,
				F562F49D89E4220D9A81A0C2 /* Pods */,
				6DC14DE9DB0AE4859ABF4376 /* Frameworks */,
			);
			sourceTree = "<group>";
		};
		83EB6CE11AB8B8F300DB2E98 /* Products */ = {
			isa = PBXGroup;
			children = (
				83EB6CE01AB8B8F300DB2E98 /* Photo Bombers.app */,
				83EB6CF51AB8B8F300DB2E98 /* Photo BombersTests.xctest */,
			);
			name = Products;
			sourceTree = "<group>";
		};
		83EB6CE21AB8B8F300DB2E98 /* Photo Bombers */ = {
			isa = PBXGroup;
			children = (
				83EB6CE51AB8B8F300DB2E98 /* AppDelegate.swift */,
				832E231A1ABA1FB600488AE4 /* DetailViewController.swift */,
				832E23181ABA161800488AE4 /* PhotoController.swift */,
				83EB6D051AB8B94C00DB2E98 /* PhotosViewController.swift */,
				83EB6D071AB8C3E900DB2E98 /* PhotoCell.swift */,
				83EB6CE71AB8B8F300DB2E98 /* ViewController.swift */,
				832E231C1ABA29C700488AE4 /* PresentDetailTransition.swift */,
				832E231E1ABA2E1E00488AE4 /* DismissDetailTransition.swift */,
				83EB6CE91AB8B8F300DB2E98 /* Main.storyboard */,
				83EB6CEC1AB8B8F300DB2E98 /* Images.xcassets */,
				83EB6CEE1AB8B8F300DB2E98 /* LaunchScreen.xib */,
				83EB6D091AB908A400DB2E98 /* PhotoBombers-Bridging-Header.h */,
				83EB6CE31AB8B8F300DB2E98 /* Supporting Files */,
			);
			path = "Photo Bombers";
			sourceTree = "<group>";
		};
		83EB6CE31AB8B8F300DB2E98 /* Supporting Files */ = {
			isa = PBXGroup;
			children = (
				83EB6CE41AB8B8F300DB2E98 /* Info.plist */,
			);
			name = "Supporting Files";
			sourceTree = "<group>";
		};
		83EB6CF81AB8B8F300DB2E98 /* Photo BombersTests */ = {
			isa = PBXGroup;
			children = (
				83EB6CFB1AB8B8F300DB2E98 /* Photo_BombersTests.swift */,
				83EB6CF91AB8B8F300DB2E98 /* Supporting Files */,
			);
			path = "Photo BombersTests";
			sourceTree = "<group>";
		};
		83EB6CF91AB8B8F300DB2E98 /* Supporting Files */ = {
			isa = PBXGroup;
			children = (
				83EB6CFA1AB8B8F300DB2E98 /* Info.plist */,
			);
			name = "Supporting Files";
			sourceTree = "<group>";
		};
		F562F49D89E4220D9A81A0C2 /* Pods */ = {
			isa = PBXGroup;
			children = (
				73E1A700283B2075D788601F /* Pods.debug.xcconfig */,
				3649D16721725F05A046C577 /* Pods.release.xcconfig */,
			);
			name = Pods;
			sourceTree = "<group>";
		};
/* End PBXGroup section */

/* Begin PBXNativeTarget section */
		83EB6CDF1AB8B8F300DB2E98 /* Photo Bombers */ = {
			isa = PBXNativeTarget;
			buildConfigurationList = 83EB6CFF1AB8B8F300DB2E98 /* Build configuration list for PBXNativeTarget "Photo Bombers" */;
			buildPhases = (
				3738DDA7E605DF60AA990515 /* Check Pods Manifest.lock */,
				83EB6CDC1AB8B8F300DB2E98 /* Sources */,
				83EB6CDD1AB8B8F300DB2E98 /* Frameworks */,
				83EB6CDE1AB8B8F300DB2E98 /* Resources */,
				684AFDB60D031DA54FBA28BA /* Copy Pods Resources */,
			);
			buildRules = (
			);
			dependencies = (
			);
			name = "Photo Bombers";
			productName = "Photo Bombers";
			productReference = 83EB6CE01AB8B8F300DB2E98 /* Photo Bombers.app */;
			productType = "com.apple.product-type.application";
		};
		83EB6CF41AB8B8F300DB2E98 /* Photo BombersTests */ = {
			isa = PBXNativeTarget;
			buildConfigurationList = 83EB6D021AB8B8F300DB2E98 /* Build configuration list for PBXNativeTarget "Photo BombersTests" */;
			buildPhases = (
				83EB6CF11AB8B8F300DB2E98 /* Sources */,
				83EB6CF21AB8B8F300DB2E98 /* Frameworks */,
				83EB6CF31AB8B8F300DB2E98 /* Resources */,
			);
			buildRules = (
			);
			dependencies = (
				83EB6CF71AB8B8F300DB2E98 /* PBXTargetDependency */,
			);
			name = "Photo BombersTests";
			productName = "Photo BombersTests";
			productReference = 83EB6CF51AB8B8F300DB2E98 /* Photo BombersTests.xctest */;
			productType = "com.apple.product-type.bundle.unit-test";
		};
/* End PBXNativeTarget section */

/* Begin PBXProject section */
		83EB6CD81AB8B8F300DB2E98 /* Project object */ = {
			isa = PBXProject;
			attributes = {
				LastUpgradeCheck = 0620;
				ORGANIZATIONNAME = ClassicTim;
				TargetAttributes = {
					83EB6CDF1AB8B8F300DB2E98 = {
						CreatedOnToolsVersion = 6.2;
					};
					83EB6CF41AB8B8F300DB2E98 = {
						CreatedOnToolsVersion = 6.2;
						TestTargetID = 83EB6CDF1AB8B8F300DB2E98;
					};
				};
			};
			buildConfigurationList = 83EB6CDB1AB8B8F300DB2E98 /* Build configuration list for PBXProject "Photo Bombers" */;
			compatibilityVersion = "Xcode 3.2";
			developmentRegion = English;
			hasScannedForEncodings = 0;
			knownRegions = (
				en,
				Base,
			);
			mainGroup = 83EB6CD71AB8B8F300DB2E98;
			productRefGroup = 83EB6CE11AB8B8F300DB2E98 /* Products */;
			projectDirPath = "";
			projectRoot = "";
			targets = (
				83EB6CDF1AB8B8F300DB2E98 /* Photo Bombers */,
				83EB6CF41AB8B8F300DB2E98 /* Photo BombersTests */,
			);
		};
/* End PBXProject section */

/* Begin PBXResourcesBuildPhase section */
		83EB6CDE1AB8B8F300DB2E98 /* Resources */ = {
			isa = PBXResourcesBuildPhase;
			buildActionMask = 2147483647;
			files = (
				83EB6CEB1AB8B8F300DB2E98 /* Main.storyboard in Resources */,
				83EB6CF01AB8B8F300DB2E98 /* LaunchScreen.xib in Resources */,
				83EB6CED1AB8B8F300DB2E98 /* Images.xcassets in Resources */,
			);
			runOnlyForDeploymentPostprocessing = 0;
		};
		83EB6CF31AB8B8F300DB2E98 /* Resources */ = {
			isa = PBXResourcesBuildPhase;
			buildActionMask = 2147483647;
			files = (
			);
			runOnlyForDeploymentPostprocessing = 0;
		};
/* End PBXResourcesBuildPhase section */

/* Begin PBXShellScriptBuildPhase section */
		3738DDA7E605DF60AA990515 /* Check Pods Manifest.lock */ = {
			isa = PBXShellScriptBuildPhase;
			buildActionMask = 2147483647;
			files = (
			);
			inputPaths = (
			);
			name = "Check Pods Manifest.lock";
			outputPaths = (
			);
			runOnlyForDeploymentPostprocessing = 0;
			shellPath = /bin/sh;
			shellScript = "diff \"${PODS_ROOT}/../Podfile.lock\" \"${PODS_ROOT}/Manifest.lock\" > /dev/null\nif [[ $? != 0 ]] ; then\n    cat << EOM\nerror: The sandbox is not in sync with the Podfile.lock. Run 'pod install' or update your CocoaPods installation.\nEOM\n    exit 1\nfi\n";
			showEnvVarsInLog = 0;
		};
		684AFDB60D031DA54FBA28BA /* Copy Pods Resources */ = {
			isa = PBXShellScriptBuildPhase;
			buildActionMask = 2147483647;
			files = (
			);
			inputPaths = (
			);
			name = "Copy Pods Resources";
			outputPaths = (
			);
			runOnlyForDeploymentPostprocessing = 0;
			shellPath = /bin/sh;
			shellScript = "\"${SRCROOT}/Pods/Target Support Files/Pods/Pods-resources.sh\"\n";
			showEnvVarsInLog = 0;
		};
/* End PBXShellScriptBuildPhase section */

/* Begin PBXSourcesBuildPhase section */
		83EB6CDC1AB8B8F300DB2E98 /* Sources */ = {
			isa = PBXSourcesBuildPhase;
			buildActionMask = 2147483647;
			files = (
				832E23191ABA161800488AE4 /* PhotoController.swift in Sources */,
				83EB6D081AB8C3E900DB2E98 /* PhotoCell.swift in Sources */,
				832E231F1ABA2E1E00488AE4 /* DismissDetailTransition.swift in Sources */,
				83EB6D061AB8B94C00DB2E98 /* PhotosViewController.swift in Sources */,
				832E231B1ABA1FB600488AE4 /* DetailViewController.swift in Sources */,
				83EB6CE81AB8B8F300DB2E98 /* ViewController.swift in Sources */,
				832E231D1ABA29C700488AE4 /* PresentDetailTransition.swift in Sources */,
				83EB6CE61AB8B8F300DB2E98 /* AppDelegate.swift in Sources */,
			);
			runOnlyForDeploymentPostprocessing = 0;
		};
		83EB6CF11AB8B8F300DB2E98 /* Sources */ = {
			isa = PBXSourcesBuildPhase;
			buildActionMask = 2147483647;
			files = (
				83EB6CFC1AB8B8F300DB2E98 /* Photo_BombersTests.swift in Sources */,
			);
			runOnlyForDeploymentPostprocessing = 0;
		};
/* End PBXSourcesBuildPhase section */

/* Begin PBXTargetDependency section */
		83EB6CF71AB8B8F300DB2E98 /* PBXTargetDependency */ = {
			isa = PBXTargetDependency;
			target = 83EB6CDF1AB8B8F300DB2E98 /* Photo Bombers */;
			targetProxy = 83EB6CF61AB8B8F300DB2E98 /* PBXContainerItemProxy */;
		};
/* End PBXTargetDependency section */

/* Begin PBXVariantGroup section */
		83EB6CE91AB8B8F300DB2E98 /* Main.storyboard */ = {
			isa = PBXVariantGroup;
			children = (
				83EB6CEA1AB8B8F300DB2E98 /* Base */,
			);
			name = Main.storyboard;
			sourceTree = "<group>";
		};
		83EB6CEE1AB8B8F300DB2E98 /* LaunchScreen.xib */ = {
			isa = PBXVariantGroup;
			children = (
				83EB6CEF1AB8B8F300DB2E98 /* Base */,
			);
			name = LaunchScreen.xib;
			sourceTree = "<group>";
		};
/* End PBXVariantGroup section */

/* Begin XCBuildConfiguration section */
		83EB6CFD1AB8B8F300DB2E98 /* Debug */ = {
			isa = XCBuildConfiguration;
			buildSettings = {
				ALWAYS_SEARCH_USER_PATHS = NO;
				CLANG_CXX_LANGUAGE_STANDARD = "gnu++0x";
				CLANG_CXX_LIBRARY = "libc++";
				CLANG_ENABLE_MODULES = YES;
				CLANG_ENABLE_OBJC_ARC = YES;
				CLANG_WARN_BOOL_CONVERSION = YES;
				CLANG_WARN_CONSTANT_CONVERSION = YES;
				CLANG_WARN_DIRECT_OBJC_ISA_USAGE = YES_ERROR;
				CLANG_WARN_EMPTY_BODY = YES;
				CLANG_WARN_ENUM_CONVERSION = YES;
				CLANG_WARN_INT_CONVERSION = YES;
				CLANG_WARN_OBJC_ROOT_CLASS = YES_ERROR;
				CLANG_WARN_UNREACHABLE_CODE = YES;
				CLANG_WARN__DUPLICATE_METHOD_MATCH = YES;
				"CODE_SIGN_IDENTITY[sdk=iphoneos*]" = "iPhone Developer";
				COPY_PHASE_STRIP = NO;
				ENABLE_STRICT_OBJC_MSGSEND = YES;
				GCC_C_LANGUAGE_STANDARD = gnu99;
				GCC_DYNAMIC_NO_PIC = NO;
				GCC_OPTIMIZATION_LEVEL = 0;
				GCC_PREPROCESSOR_DEFINITIONS = (
					"DEBUG=1",
					"$(inherited)",
				);
				GCC_SYMBOLS_PRIVATE_EXTERN = NO;
				GCC_WARN_64_TO_32_BIT_CONVERSION = YES;
				GCC_WARN_ABOUT_RETURN_TYPE = YES_ERROR;
				GCC_WARN_UNDECLARED_SELECTOR = YES;
				GCC_WARN_UNINITIALIZED_AUTOS = YES_AGGRESSIVE;
				GCC_WARN_UNUSED_FUNCTION = YES;
				GCC_WARN_UNUSED_VARIABLE = YES;
				IPHONEOS_DEPLOYMENT_TARGET = 8.2;
				MTL_ENABLE_DEBUG_INFO = YES;
				ONLY_ACTIVE_ARCH = YES;
				SDKROOT = iphoneos;
				SWIFT_OPTIMIZATION_LEVEL = "-Onone";
			};
			name = Debug;
		};
		83EB6CFE1AB8B8F300DB2E98 /* Release */ = {
			isa = XCBuildConfiguration;
			buildSettings = {
				ALWAYS_SEARCH_USER_PATHS = NO;
				CLANG_CXX_LANGUAGE_STANDARD = "gnu++0x";
				CLANG_CXX_LIBRARY = "libc++";
				CLANG_ENABLE_MODULES = YES;
				CLANG_ENABLE_OBJC_ARC = YES;
				CLANG_WARN_BOOL_CONVERSION = YES;
				CLANG_WARN_CONSTANT_CONVERSION = YES;
				CLANG_WARN_DIRECT_OBJC_ISA_USAGE = YES_ERROR;
				CLANG_WARN_EMPTY_BODY = YES;
				CLANG_WARN_ENUM_CONVERSION = YES;
				CLANG_WARN_INT_CONVERSION = YES;
				CLANG_WARN_OBJC_ROOT_CLASS = YES_ERROR;
				CLANG_WARN_UNREACHABLE_CODE = YES;
				CLANG_WARN__DUPLICATE_METHOD_MATCH = YES;
				"CODE_SIGN_IDENTITY[sdk=iphoneos*]" = "iPhone Developer";
				COPY_PHASE_STRIP = NO;
				ENABLE_NS_ASSERTIONS = NO;
				ENABLE_STRICT_OBJC_MSGSEND = YES;
				GCC_C_LANGUAGE_STANDARD = gnu99;
				GCC_WARN_64_TO_32_BIT_CONVERSION = YES;
				GCC_WARN_ABOUT_RETURN_TYPE = YES_ERROR;
				GCC_WARN_UNDECLARED_SELECTOR = YES;
				GCC_WARN_UNINITIALIZED_AUTOS = YES_AGGRESSIVE;
				GCC_WARN_UNUSED_FUNCTION = YES;
				GCC_WARN_UNUSED_VARIABLE = YES;
				IPHONEOS_DEPLOYMENT_TARGET = 8.2;
				MTL_ENABLE_DEBUG_INFO = NO;
				SDKROOT = iphoneos;
				VALIDATE_PRODUCT = YES;
			};
			name = Release;
		};
		83EB6D001AB8B8F300DB2E98 /* Debug */ = {
			isa = XCBuildConfiguration;
			baseConfigurationReference = 73E1A700283B2075D788601F /* Pods.debug.xcconfig */;
			buildSettings = {
				ASSETCATALOG_COMPILER_APPICON_NAME = AppIcon;
				CLANG_ENABLE_MODULES = YES;
				INFOPLIST_FILE = "Photo Bombers/Info.plist";
				LD_RUNPATH_SEARCH_PATHS = "$(inherited) @executable_path/Frameworks";
				PRODUCT_NAME = "$(TARGET_NAME)";
				SWIFT_OBJC_BRIDGING_HEADER = "Photo Bombers/PhotoBombers-Bridging-Header.h";
				SWIFT_OPTIMIZATION_LEVEL = "-Onone";
			};
			name = Debug;
		};
		83EB6D011AB8B8F300DB2E98 /* Release */ = {
			isa = XCBuildConfiguration;
			baseConfigurationReference = 3649D16721725F05A046C577 /* Pods.release.xcconfig */;
			buildSettings = {
				ASSETCATALOG_COMPILER_APPICON_NAME = AppIcon;
				CLANG_ENABLE_MODULES = YES;
				INFOPLIST_FILE = "Photo Bombers/Info.plist";
				LD_RUNPATH_SEARCH_PATHS = "$(inherited) @executable_path/Frameworks";
				PRODUCT_NAME = "$(TARGET_NAME)";
				SWIFT_OBJC_BRIDGING_HEADER = "Photo Bombers/PhotoBombers-Bridging-Header.h";
			};
			name = Release;
		};
		83EB6D031AB8B8F300DB2E98 /* Debug */ = {
			isa = XCBuildConfiguration;
			buildSettings = {
				BUNDLE_LOADER = "$(TEST_HOST)";
				FRAMEWORK_SEARCH_PATHS = (
					"$(SDKROOT)/Developer/Library/Frameworks",
					"$(inherited)",
				);
				GCC_PREPROCESSOR_DEFINITIONS = (
					"DEBUG=1",
					"$(inherited)",
				);
				INFOPLIST_FILE = "Photo BombersTests/Info.plist";
				LD_RUNPATH_SEARCH_PATHS = "$(inherited) @executable_path/Frameworks @loader_path/Frameworks";
				PRODUCT_NAME = "$(TARGET_NAME)";
				TEST_HOST = "$(BUILT_PRODUCTS_DIR)/Photo Bombers.app/Photo Bombers";
			};
			name = Debug;
		};
		83EB6D041AB8B8F300DB2E98 /* Release */ = {
			isa = XCBuildConfiguration;
			buildSettings = {
				BUNDLE_LOADER = "$(TEST_HOST)";
				FRAMEWORK_SEARCH_PATHS = (
					"$(SDKROOT)/Developer/Library/Frameworks",
					"$(inherited)",
				);
				INFOPLIST_FILE = "Photo BombersTests/Info.plist";
				LD_RUNPATH_SEARCH_PATHS = "$(inherited) @executable_path/Frameworks @loader_path/Frameworks";
				PRODUCT_NAME = "$(TARGET_NAME)";
				TEST_HOST = "$(BUILT_PRODUCTS_DIR)/Photo Bombers.app/Photo Bombers";
			};
			name = Release;
		};
/* End XCBuildConfiguration section */

/* Begin XCConfigurationList section */
		83EB6CDB1AB8B8F300DB2E98 /* Build configuration list for PBXProject "Photo Bombers" */ = {
			isa = XCConfigurationList;
			buildConfigurations = (
				83EB6CFD1AB8B8F300DB2E98 /* Debug */,
				83EB6CFE1AB8B8F300DB2E98 /* Release */,
			);
			defaultConfigurationIsVisible = 0;
			defaultConfigurationName = Release;
		};
		83EB6CFF1AB8B8F300DB2E98 /* Build configuration list for PBXNativeTarget "Photo Bombers" */ = {
			isa = XCConfigurationList;
			buildConfigurations = (
				83EB6D001AB8B8F300DB2E98 /* Debug */,
				83EB6D011AB8B8F300DB2E98 /* Release */,
			);
			defaultConfigurationIsVisible = 0;
			defaultConfigurationName = Release;
		};
		83EB6D021AB8B8F300DB2E98 /* Build configuration list for PBXNativeTarget "Photo BombersTests" */ = {
			isa = XCConfigurationList;
			buildConfigurations = (
				83EB6D031AB8B8F300DB2E98 /* Debug */,
				83EB6D041AB8B8F300DB2E98 /* Release */,
			);
			defaultConfigurationIsVisible = 0;
			defaultConfigurationName = Release;
		};
/* End XCConfigurationList section */
	};
	rootObject = 83EB6CD81AB8B8F300DB2E98 /* Project object */;
}
